
Microsoft Visual Studio Solution File, Format Version 12.00
# Visual Studio Version 16
VisualStudioVersion = 16.0.29519.87
MinimumVisualStudioVersion = 10.0.40219.1
Project("{9A19103F-16F7-4668-BE54-9A1E7A4F7556}") = "ArisWorkforceManagementTool", "ArisWorkforceManagementTool\ArisWorkforceManagementTool.csproj", "{32DC958B-E5F4-4E8A-AC21-63AF2D35CC28}"
EndProject
Project("{9A19103F-16F7-4668-BE54-9A1E7A4F7556}") = "Aris.Data", "Aris.Data\Aris.Data.csproj", "{62C37774-7FB2-4A6D-8F01-EBDD7072A71E}"
EndProject
Project("{9A19103F-16F7-4668-BE54-9A1E7A4F7556}") = "Aris.Models", "Aris.Models\Aris.Models.csproj", "{8890E1AC-F3FE-4A45-984E-A5971C87D744}"
EndProject
Project("{FAE04EC0-301F-11D3-BF4B-00C04F79EFBC}") = "Aris.Webjob", "Aris.Webjob\Aris.Webjob.csproj", "{1A66D5C9-4547-4624-B570-4984EBCD48A0}"
EndProject
Global
	GlobalSection(SolutionConfigurationPlatforms) = preSolution
		Debug|Any CPU = Debug|Any CPU
		Release|Any CPU = Release|Any CPU
	EndGlobalSection
	GlobalSection(ProjectConfigurationPlatforms) = postSolution
		{32DC958B-E5F4-4E8A-AC21-63AF2D35CC28}.Debug|Any CPU.ActiveCfg = Debug|Any CPU
		{32DC958B-E5F4-4E8A-AC21-63AF2D35CC28}.Debug|Any CPU.Build.0 = Debug|Any CPU
		{32DC958B-E5F4-4E8A-AC21-63AF2D35CC28}.Release|Any CPU.ActiveCfg = Release|Any CPU
		{32DC958B-E5F4-4E8A-AC21-63AF2D35CC28}.Release|Any CPU.Build.0 = Release|Any CPU
		{62C37774-7FB2-4A6D-8F01-EBDD7072A71E}.Debug|Any CPU.ActiveCfg = Debug|Any CPU
		{62C37774-7FB2-4A6D-8F01-EBDD7072A71E}.Debug|Any CPU.Build.0 = Debug|Any CPU
		{62C37774-7FB2-4A6D-8F01-EBDD7072A71E}.Release|Any CPU.ActiveCfg = Release|Any CPU
		{62C37774-7FB2-4A6D-8F01-EBDD7072A71E}.Release|Any CPU.Build.0 = Release|Any CPU
		{8890E1AC-F3FE-4A45-984E-A5971C87D744}.Debug|Any CPU.ActiveCfg = Debug|Any CPU
		{8890E1AC-F3FE-4A45-984E-A5971C87D744}.Debug|Any CPU.Build.0 = Debug|Any CPU
		{8890E1AC-F3FE-4A45-984E-A5971C87D744}.Release|Any CPU.ActiveCfg = Release|Any CPU
		{8890E1AC-F3FE-4A45-984E-A5971C87D744}.Release|Any CPU.Build.0 = Release|Any CPU
		{1A66D5C9-4547-4624-B570-4984EBCD48A0}.Debug|Any CPU.ActiveCfg = Debug|Any CPU
		{1A66D5C9-4547-4624-B570-4984EBCD48A0}.Debug|Any CPU.Build.0 = Debug|Any CPU
		{1A66D5C9-4547-4624-B570-4984EBCD48A0}.Release|Any CPU.ActiveCfg = Release|Any CPU
		{1A66D5C9-4547-4624-B570-4984EBCD48A0}.Release|Any CPU.Build.0 = Release|Any CPU
	EndGlobalSection
	GlobalSection(SolutionProperties) = preSolution
		HideSolutionNode = FALSE
	EndGlobalSection
	GlobalSection(ExtensibilityGlobals) = postSolution
		SolutionGuid = {575248C5-689B-47F5-8CB0-4F914AAC0DC9}
	EndGlobalSection
EndGlobal
